
Microsoft Visual Studio Solution File, Format Version 12.00
# Visual Studio 15
VisualStudioVersion = 15.0.26730.12
MinimumVisualStudioVersion = 10.0.40219.1
Project("{FAE04EC0-301F-11D3-BF4B-00C04F79EFBC}") = "CalculatorProviderAzureGithub", "CalculatorProviderAzureGithub\CalculatorProviderAzureGithub.csproj", "{6EF97C51-AA38-4CCF-A982-C14BB21E54AF}"
EndProject
Global
	GlobalSection(SolutionConfigurationPlatforms) = preSolution
		Debug|Any CPU = Debug|Any CPU
		Release|Any CPU = Release|Any CPU
	EndGlobalSection
	GlobalSection(ProjectConfigurationPlatforms) = postSolution
		{6EF97C51-AA38-4CCF-A982-C14BB21E54AF}.Debug|Any CPU.ActiveCfg = Debug|Any CPU
		{6EF97C51-AA38-4CCF-A982-C14BB21E54AF}.Debug|Any CPU.Build.0 = Debug|Any CPU
		{6EF97C51-AA38-4CCF-A982-C14BB21E54AF}.Release|Any CPU.ActiveCfg = Release|Any CPU
		{6EF97C51-AA38-4CCF-A982-C14BB21E54AF}.Release|Any CPU.Build.0 = Release|Any CPU
	EndGlobalSection
	GlobalSection(SolutionProperties) = preSolution
		HideSolutionNode = FALSE
	EndGlobalSection
	GlobalSection(ExtensibilityGlobals) = postSolution
		SolutionGuid = {8B0D70EC-6F3E-47CB-BDFC-35D0659E8911}
	EndGlobalSection
EndGlobal
